{
  "pins" : [
    {
      "identity" : "filepicker",
      "kind" : "remoteSourceControl",
      "location" : "https://github.com/markrenaud/FilePicker/",
      "state" : {
        "revision" : "720f8cb5ca0c0efc982ed381afc84ba3e8b3214e",
        "version" : "1.0.1"
      }
    },
    {
      "identity" : "privatekits",
      "kind" : "remoteSourceControl",
      "location" : "https://github.com/SerenaKit/PrivateKits",
      "state" : {
        "branch" : "main",
        "revision" : "e0c051c1e8a69f4081112b0fa494fcecd5d9728c"
      }
    },
    {
      "identity" : "zip",
      "kind" : "remoteSourceControl",
      "location" : "https://github.com/marmelroy/Zip",
      "state" : {
        "revision" : "67fa55813b9e7b3b9acee9c0ae501def28746d76",
        "version" : "2.1.2"
      }
    }
  ],
  "version" : 2
}
